
Microsoft Visual Studio Solution File, Format Version 12.00
# Visual Studio Version 17
VisualStudioVersion = 17.7.34221.43
MinimumVisualStudioVersion = 10.0.40219.1
Project("{2150E333-8FDC-42A3-9474-1A3956D46DE8}") = "Task0", "Task0", "{F0C1F369-6B65-43A1-A065-F7D654777A75}"
EndProject
Project("{FAE04EC0-301F-11D3-BF4B-00C04F79EFBC}") = "Tyuiu.YangolenkoDS.Sprint4.Task0.V27", "Tyuiu.YangolenkoDS.Sprint4.Task0.V27\Tyuiu.YangolenkoDS.Sprint4.Task0.V27.csproj", "{D834047A-525C-49F3-B1E4-079C33AF3DC5}"
EndProject
Project("{FAE04EC0-301F-11D3-BF4B-00C04F79EFBC}") = "Tyuiu.YangolenkoDS.Sprint4.Task0.V27.Lib", "Tyuiu.YangolenkoDS.Sprint4.Task0.V27.Lib\Tyuiu.YangolenkoDS.Sprint4.Task0.V27.Lib.csproj", "{BBFE9126-24CA-4538-B0A9-FE37731FC7DB}"
EndProject
Project("{FAE04EC0-301F-11D3-BF4B-00C04F79EFBC}") = "Tyuiu.YangolenkoDS.Sprint4.Task0.V27.Test", "Tyuiu.YangolenkoDS.Sprint4.Task0.V27.Test\Tyuiu.YangolenkoDS.Sprint4.Task0.V27.Test.csproj", "{55390B4A-CF50-4529-BE1B-3A1C4E00EDF9}"
EndProject
Project("{2150E333-8FDC-42A3-9474-1A3956D46DE8}") = "Task1", "Task1", "{121539CF-5C7D-407A-AC44-2DAB9DA51A4B}"
EndProject
Project("{FAE04EC0-301F-11D3-BF4B-00C04F79EFBC}") = "Tyuiu.YangolenkoDS.Sprint4.Task1.V26", "Tyuiu.YangolenkoDS.Sprint4.Task1.V26\Tyuiu.YangolenkoDS.Sprint4.Task1.V26.csproj", "{3640BCDE-5B93-49AC-9D35-3D4EF23425FA}"
EndProject
Project("{FAE04EC0-301F-11D3-BF4B-00C04F79EFBC}") = "Tyuiu.YangolenkoDS.Sprint4.Task1.V26.Lib", "Tyuiu.YangolenkoDS.Sprint4.Task1.V26.Lib\Tyuiu.YangolenkoDS.Sprint4.Task1.V26.Lib.csproj", "{42928560-482A-4270-A70D-329FEB6994D3}"
EndProject
Project("{FAE04EC0-301F-11D3-BF4B-00C04F79EFBC}") = "Tyuiu.YangolenkoDS.Sprint4.Task1.V26.Test", "Tyuiu.YangolenkoDS.Sprint4.Task1.V26.Test\Tyuiu.YangolenkoDS.Sprint4.Task1.V26.Test.csproj", "{0C840651-F09D-4796-830A-33A2FDC3008E}"
EndProject
Project("{2150E333-8FDC-42A3-9474-1A3956D46DE8}") = "Task2", "Task2", "{4A5A2ECA-D6A7-4687-A4C7-3AC8DBD43D07}"
EndProject
Project("{FAE04EC0-301F-11D3-BF4B-00C04F79EFBC}") = "Tyuiu.YangolenkoDS.Sprint4.Task2.V26", "Tyuiu.YangolenkoDS.Sprint4.Task2.V26\Tyuiu.YangolenkoDS.Sprint4.Task2.V26.csproj", "{A953DD2E-6C40-44A9-9D7B-3AFE4FF6200C}"
EndProject
Project("{FAE04EC0-301F-11D3-BF4B-00C04F79EFBC}") = "Tyuiu.YangolenkoDS.Sprint4.Task2.V26.Lib", "Tyuiu.YangolenkoDS.Sprint4.Task2.V26.Lib\Tyuiu.YangolenkoDS.Sprint4.Task2.V26.Lib.csproj", "{A3844A7C-EAB0-46AE-8BA1-DECB8D55E1BD}"
EndProject
Project("{FAE04EC0-301F-11D3-BF4B-00C04F79EFBC}") = "Tyuiu.YangolenkoDS.Sprint4.Task2.V26.Test", "Tyuiu.YangolenkoDS.Sprint4.Task2.V26.Test\Tyuiu.YangolenkoDS.Sprint4.Task2.V26.Test.csproj", "{E95F860B-1EB7-41C1-9913-D5451FE011C0}"
EndProject
Project("{2150E333-8FDC-42A3-9474-1A3956D46DE8}") = "Task3", "Task3", "{5638D9B9-EAE5-4DBD-97A3-DB8360225451}"
EndProject
Project("{FAE04EC0-301F-11D3-BF4B-00C04F79EFBC}") = "Tyuiu.YangolenkoDS.Sprint4.Task3.V26", "Tyuiu.YangolenkoDS.Sprint4.Task3.V26\Tyuiu.YangolenkoDS.Sprint4.Task3.V26.csproj", "{8FBDC75C-2973-4D66-8323-64169EC3AAD7}"
EndProject
Project("{FAE04EC0-301F-11D3-BF4B-00C04F79EFBC}") = "Tyuiu.YangolenkoDS.Sprint4.Task3.V26.Lib", "Tyuiu.YangolenkoDS.Sprint4.Task3.V26.Lib\Tyuiu.YangolenkoDS.Sprint4.Task3.V26.Lib.csproj", "{A3A0841F-1685-4725-87F9-030D0E1CCF03}"
EndProject
Project("{FAE04EC0-301F-11D3-BF4B-00C04F79EFBC}") = "Tyuiu.YangolenkoDS.Sprint4.Task3.V26.Test", "Tyuiu.YangolenkoDS.Sprint4.Task3.V26.Test\Tyuiu.YangolenkoDS.Sprint4.Task3.V26.Test.csproj", "{9E2B787C-27D5-4CC6-8729-3C99FC926667}"
EndProject
Project("{2150E333-8FDC-42A3-9474-1A3956D46DE8}") = "Task4", "Task4", "{E08E2E8B-1F5E-40D3-AF63-252D623E5B0B}"
EndProject
Project("{FAE04EC0-301F-11D3-BF4B-00C04F79EFBC}") = "Tyuiu.YangolenkoDS.Sprint4.Task4.V13", "Tyuiu.YangolenkoDS.Sprint4.Task4.V13\Tyuiu.YangolenkoDS.Sprint4.Task4.V13.csproj", "{FBA470E8-200B-4A0E-A7A2-0D9901ACC719}"
EndProject
Project("{FAE04EC0-301F-11D3-BF4B-00C04F79EFBC}") = "Tyuiu.YangolenkoDS.Sprint4.Task4.V13.Lib", "Tyuiu.YangolenkoDS.Sprint4.Task4.V13.Lib\Tyuiu.YangolenkoDS.Sprint4.Task4.V13.Lib.csproj", "{F251970B-5ADD-4E8E-99AA-DEF8C0B591A7}"
EndProject
Project("{FAE04EC0-301F-11D3-BF4B-00C04F79EFBC}") = "Tyuiu.YangolenkoDS.Sprint4.Task4.V13.Test", "Tyuiu.YangolenkoDS.Sprint4.Task4.V13.Test\Tyuiu.YangolenkoDS.Sprint4.Task4.V13.Test.csproj", "{13664C78-C6DA-4077-BED8-7A3972B048AD}"
EndProject
Project("{2150E333-8FDC-42A3-9474-1A3956D46DE8}") = "Task5", "Task5", "{EAC44411-A402-48F3-B924-B57CF88C9266}"
EndProject
Project("{FAE04EC0-301F-11D3-BF4B-00C04F79EFBC}") = "Tyuiu.YangolenkoDS.Sprint4.Task5.V5", "Tyuiu.YangolenkoDS.Sprint4.Task5.V5\Tyuiu.YangolenkoDS.Sprint4.Task5.V5.csproj", "{BFA213BA-0D1A-470F-8FB4-96D68F07264E}"
EndProject
Project("{FAE04EC0-301F-11D3-BF4B-00C04F79EFBC}") = "Tyuiu.YangolenkoDS.Sprint4.Task5.V5.Lib", "Tyuiu.YangolenkoDS.Sprint4.Task5.V5.Lib\Tyuiu.YangolenkoDS.Sprint4.Task5.V5.Lib.csproj", "{AC8EF00F-0790-4FBA-BC44-5B6FC592F5C5}"
EndProject
Project("{FAE04EC0-301F-11D3-BF4B-00C04F79EFBC}") = "Tyuiu.YangolenkoDS.Sprint4.Task5.V5.Test", "Tyuiu.YangolenkoDS.Sprint4.Task5.V5.Test\Tyuiu.YangolenkoDS.Sprint4.Task5.V5.Test.csproj", "{A9B773B2-B567-47FB-BDDA-ABFC4F4154CF}"
EndProject
Global
	GlobalSection(SolutionConfigurationPlatforms) = preSolution
		Debug|Any CPU = Debug|Any CPU
		Release|Any CPU = Release|Any CPU
	EndGlobalSection
	GlobalSection(ProjectConfigurationPlatforms) = postSolution
		{D834047A-525C-49F3-B1E4-079C33AF3DC5}.Debug|Any CPU.ActiveCfg = Debug|Any CPU
		{D834047A-525C-49F3-B1E4-079C33AF3DC5}.Debug|Any CPU.Build.0 = Debug|Any CPU
		{D834047A-525C-49F3-B1E4-079C33AF3DC5}.Release|Any CPU.ActiveCfg = Release|Any CPU
		{D834047A-525C-49F3-B1E4-079C33AF3DC5}.Release|Any CPU.Build.0 = Release|Any CPU
		{BBFE9126-24CA-4538-B0A9-FE37731FC7DB}.Debug|Any CPU.ActiveCfg = Debug|Any CPU
		{BBFE9126-24CA-4538-B0A9-FE37731FC7DB}.Debug|Any CPU.Build.0 = Debug|Any CPU
		{BBFE9126-24CA-4538-B0A9-FE37731FC7DB}.Release|Any CPU.ActiveCfg = Release|Any CPU
		{BBFE9126-24CA-4538-B0A9-FE37731FC7DB}.Release|Any CPU.Build.0 = Release|Any CPU
		{55390B4A-CF50-4529-BE1B-3A1C4E00EDF9}.Debug|Any CPU.ActiveCfg = Debug|Any CPU
		{55390B4A-CF50-4529-BE1B-3A1C4E00EDF9}.Debug|Any CPU.Build.0 = Debug|Any CPU
		{55390B4A-CF50-4529-BE1B-3A1C4E00EDF9}.Release|Any CPU.ActiveCfg = Release|Any CPU
		{55390B4A-CF50-4529-BE1B-3A1C4E00EDF9}.Release|Any CPU.Build.0 = Release|Any CPU
		{3640BCDE-5B93-49AC-9D35-3D4EF23425FA}.Debug|Any CPU.ActiveCfg = Debug|Any CPU
		{3640BCDE-5B93-49AC-9D35-3D4EF23425FA}.Debug|Any CPU.Build.0 = Debug|Any CPU
		{3640BCDE-5B93-49AC-9D35-3D4EF23425FA}.Release|Any CPU.ActiveCfg = Release|Any CPU
		{3640BCDE-5B93-49AC-9D35-3D4EF23425FA}.Release|Any CPU.Build.0 = Release|Any CPU
		{42928560-482A-4270-A70D-329FEB6994D3}.Debug|Any CPU.ActiveCfg = Debug|Any CPU
		{42928560-482A-4270-A70D-329FEB6994D3}.Debug|Any CPU.Build.0 = Debug|Any CPU
		{42928560-482A-4270-A70D-329FEB6994D3}.Release|Any CPU.ActiveCfg = Release|Any CPU
		{42928560-482A-4270-A70D-329FEB6994D3}.Release|Any CPU.Build.0 = Release|Any CPU
		{0C840651-F09D-4796-830A-33A2FDC3008E}.Debug|Any CPU.ActiveCfg = Debug|Any CPU
		{0C840651-F09D-4796-830A-33A2FDC3008E}.Debug|Any CPU.Build.0 = Debug|Any CPU
		{0C840651-F09D-4796-830A-33A2FDC3008E}.Release|Any CPU.ActiveCfg = Release|Any CPU
		{0C840651-F09D-4796-830A-33A2FDC3008E}.Release|Any CPU.Build.0 = Release|Any CPU
		{A953DD2E-6C40-44A9-9D7B-3AFE4FF6200C}.Debug|Any CPU.ActiveCfg = Debug|Any CPU
		{A953DD2E-6C40-44A9-9D7B-3AFE4FF6200C}.Debug|Any CPU.Build.0 = Debug|Any CPU
		{A953DD2E-6C40-44A9-9D7B-3AFE4FF6200C}.Release|Any CPU.ActiveCfg = Release|Any CPU
		{A953DD2E-6C40-44A9-9D7B-3AFE4FF6200C}.Release|Any CPU.Build.0 = Release|Any CPU
		{A3844A7C-EAB0-46AE-8BA1-DECB8D55E1BD}.Debug|Any CPU.ActiveCfg = Debug|Any CPU
		{A3844A7C-EAB0-46AE-8BA1-DECB8D55E1BD}.Debug|Any CPU.Build.0 = Debug|Any CPU
		{A3844A7C-EAB0-46AE-8BA1-DECB8D55E1BD}.Release|Any CPU.ActiveCfg = Release|Any CPU
		{A3844A7C-EAB0-46AE-8BA1-DECB8D55E1BD}.Release|Any CPU.Build.0 = Release|Any CPU
		{E95F860B-1EB7-41C1-9913-D5451FE011C0}.Debug|Any CPU.ActiveCfg = Debug|Any CPU
		{E95F860B-1EB7-41C1-9913-D5451FE011C0}.Debug|Any CPU.Build.0 = Debug|Any CPU
		{E95F860B-1EB7-41C1-9913-D5451FE011C0}.Release|Any CPU.ActiveCfg = Release|Any CPU
		{E95F860B-1EB7-41C1-9913-D5451FE011C0}.Release|Any CPU.Build.0 = Release|Any CPU
		{8FBDC75C-2973-4D66-8323-64169EC3AAD7}.Debug|Any CPU.ActiveCfg = Debug|Any CPU
		{8FBDC75C-2973-4D66-8323-64169EC3AAD7}.Debug|Any CPU.Build.0 = Debug|Any CPU
		{8FBDC75C-2973-4D66-8323-64169EC3AAD7}.Release|Any CPU.ActiveCfg = Release|Any CPU
		{8FBDC75C-2973-4D66-8323-64169EC3AAD7}.Release|Any CPU.Build.0 = Release|Any CPU
		{A3A0841F-1685-4725-87F9-030D0E1CCF03}.Debug|Any CPU.ActiveCfg = Debug|Any CPU
		{A3A0841F-1685-4725-87F9-030D0E1CCF03}.Debug|Any CPU.Build.0 = Debug|Any CPU
		{A3A0841F-1685-4725-87F9-030D0E1CCF03}.Release|Any CPU.ActiveCfg = Release|Any CPU
		{A3A0841F-1685-4725-87F9-030D0E1CCF03}.Release|Any CPU.Build.0 = Release|Any CPU
		{9E2B787C-27D5-4CC6-8729-3C99FC926667}.Debug|Any CPU.ActiveCfg = Debug|Any CPU
		{9E2B787C-27D5-4CC6-8729-3C99FC926667}.Debug|Any CPU.Build.0 = Debug|Any CPU
		{9E2B787C-27D5-4CC6-8729-3C99FC926667}.Release|Any CPU.ActiveCfg = Release|Any CPU
		{9E2B787C-27D5-4CC6-8729-3C99FC926667}.Release|Any CPU.Build.0 = Release|Any CPU
		{FBA470E8-200B-4A0E-A7A2-0D9901ACC719}.Debug|Any CPU.ActiveCfg = Debug|Any CPU
		{FBA470E8-200B-4A0E-A7A2-0D9901ACC719}.Debug|Any CPU.Build.0 = Debug|Any CPU
		{FBA470E8-200B-4A0E-A7A2-0D9901ACC719}.Release|Any CPU.ActiveCfg = Release|Any CPU
		{FBA470E8-200B-4A0E-A7A2-0D9901ACC719}.Release|Any CPU.Build.0 = Release|Any CPU
		{F251970B-5ADD-4E8E-99AA-DEF8C0B591A7}.Debug|Any CPU.ActiveCfg = Debug|Any CPU
		{F251970B-5ADD-4E8E-99AA-DEF8C0B591A7}.Debug|Any CPU.Build.0 = Debug|Any CPU
		{F251970B-5ADD-4E8E-99AA-DEF8C0B591A7}.Release|Any CPU.ActiveCfg = Release|Any CPU
		{F251970B-5ADD-4E8E-99AA-DEF8C0B591A7}.Release|Any CPU.Build.0 = Release|Any CPU
		{13664C78-C6DA-4077-BED8-7A3972B048AD}.Debug|Any CPU.ActiveCfg = Debug|Any CPU
		{13664C78-C6DA-4077-BED8-7A3972B048AD}.Debug|Any CPU.Build.0 = Debug|Any CPU
		{13664C78-C6DA-4077-BED8-7A3972B048AD}.Release|Any CPU.ActiveCfg = Release|Any CPU
		{13664C78-C6DA-4077-BED8-7A3972B048AD}.Release|Any CPU.Build.0 = Release|Any CPU
		{BFA213BA-0D1A-470F-8FB4-96D68F07264E}.Debug|Any CPU.ActiveCfg = Debug|Any CPU
		{BFA213BA-0D1A-470F-8FB4-96D68F07264E}.Debug|Any CPU.Build.0 = Debug|Any CPU
		{BFA213BA-0D1A-470F-8FB4-96D68F07264E}.Release|Any CPU.ActiveCfg = Release|Any CPU
		{BFA213BA-0D1A-470F-8FB4-96D68F07264E}.Release|Any CPU.Build.0 = Release|Any CPU
		{AC8EF00F-0790-4FBA-BC44-5B6FC592F5C5}.Debug|Any CPU.ActiveCfg = Debug|Any CPU
		{AC8EF00F-0790-4FBA-BC44-5B6FC592F5C5}.Debug|Any CPU.Build.0 = Debug|Any CPU
		{AC8EF00F-0790-4FBA-BC44-5B6FC592F5C5}.Release|Any CPU.ActiveCfg = Release|Any CPU
		{AC8EF00F-0790-4FBA-BC44-5B6FC592F5C5}.Release|Any CPU.Build.0 = Release|Any CPU
		{A9B773B2-B567-47FB-BDDA-ABFC4F4154CF}.Debug|Any CPU.ActiveCfg = Debug|Any CPU
		{A9B773B2-B567-47FB-BDDA-ABFC4F4154CF}.Debug|Any CPU.Build.0 = Debug|Any CPU
		{A9B773B2-B567-47FB-BDDA-ABFC4F4154CF}.Release|Any CPU.ActiveCfg = Release|Any CPU
		{A9B773B2-B567-47FB-BDDA-ABFC4F4154CF}.Release|Any CPU.Build.0 = Release|Any CPU
	EndGlobalSection
	GlobalSection(SolutionProperties) = preSolution
		HideSolutionNode = FALSE
	EndGlobalSection
	GlobalSection(NestedProjects) = preSolution
		{D834047A-525C-49F3-B1E4-079C33AF3DC5} = {F0C1F369-6B65-43A1-A065-F7D654777A75}
		{BBFE9126-24CA-4538-B0A9-FE37731FC7DB} = {F0C1F369-6B65-43A1-A065-F7D654777A75}
		{55390B4A-CF50-4529-BE1B-3A1C4E00EDF9} = {F0C1F369-6B65-43A1-A065-F7D654777A75}
		{3640BCDE-5B93-49AC-9D35-3D4EF23425FA} = {121539CF-5C7D-407A-AC44-2DAB9DA51A4B}
		{42928560-482A-4270-A70D-329FEB6994D3} = {121539CF-5C7D-407A-AC44-2DAB9DA51A4B}
		{0C840651-F09D-4796-830A-33A2FDC3008E} = {121539CF-5C7D-407A-AC44-2DAB9DA51A4B}
		{A953DD2E-6C40-44A9-9D7B-3AFE4FF6200C} = {4A5A2ECA-D6A7-4687-A4C7-3AC8DBD43D07}
		{A3844A7C-EAB0-46AE-8BA1-DECB8D55E1BD} = {4A5A2ECA-D6A7-4687-A4C7-3AC8DBD43D07}
		{E95F860B-1EB7-41C1-9913-D5451FE011C0} = {4A5A2ECA-D6A7-4687-A4C7-3AC8DBD43D07}
		{8FBDC75C-2973-4D66-8323-64169EC3AAD7} = {5638D9B9-EAE5-4DBD-97A3-DB8360225451}
		{A3A0841F-1685-4725-87F9-030D0E1CCF03} = {5638D9B9-EAE5-4DBD-97A3-DB8360225451}
		{9E2B787C-27D5-4CC6-8729-3C99FC926667} = {5638D9B9-EAE5-4DBD-97A3-DB8360225451}
		{FBA470E8-200B-4A0E-A7A2-0D9901ACC719} = {E08E2E8B-1F5E-40D3-AF63-252D623E5B0B}
		{F251970B-5ADD-4E8E-99AA-DEF8C0B591A7} = {E08E2E8B-1F5E-40D3-AF63-252D623E5B0B}
		{13664C78-C6DA-4077-BED8-7A3972B048AD} = {E08E2E8B-1F5E-40D3-AF63-252D623E5B0B}
		{BFA213BA-0D1A-470F-8FB4-96D68F07264E} = {EAC44411-A402-48F3-B924-B57CF88C9266}
		{AC8EF00F-0790-4FBA-BC44-5B6FC592F5C5} = {EAC44411-A402-48F3-B924-B57CF88C9266}
		{A9B773B2-B567-47FB-BDDA-ABFC4F4154CF} = {EAC44411-A402-48F3-B924-B57CF88C9266}
	EndGlobalSection
	GlobalSection(ExtensibilityGlobals) = postSolution
		SolutionGuid = {3248A56F-72A9-46DE-92E4-205AC0CCCD95}
	EndGlobalSection
EndGlobal
